
Microsoft Visual Studio Solution File, Format Version 12.00
# Visual Studio Version 17
VisualStudioVersion = 17.1.32414.318
MinimumVisualStudioVersion = 10.0.40219.1
Project("{FAE04EC0-301F-11D3-BF4B-00C04F79EFBC}") = "UE4localizationsTool", "UE4localizationsTool\UE4localizationsTool.csproj", "{C8AA2127-04A4-400B-9CA3-1951639BB0A3}"
EndProject
Global
	GlobalSection(SolutionConfigurationPlatforms) = preSolution
		Debug|Any CPU = Debug|Any CPU
		Release|Any CPU = Release|Any CPU
	EndGlobalSection
	GlobalSection(ProjectConfigurationPlatforms) = postSolution
		{C8AA2127-04A4-400B-9CA3-1951639BB0A3}.Debug|Any CPU.ActiveCfg = Debug|Any CPU
		{C8AA2127-04A4-400B-9CA3-1951639BB0A3}.Debug|Any CPU.Build.0 = Debug|Any CPU
		{C8AA2127-04A4-400B-9CA3-1951639BB0A3}.Release|Any CPU.ActiveCfg = Release|Any CPU
		{C8AA2127-04A4-400B-9CA3-1951639BB0A3}.Release|Any CPU.Build.0 = Release|Any CPU
	EndGlobalSection
	GlobalSection(SolutionProperties) = preSolution
		HideSolutionNode = FALSE
	EndGlobalSection
	GlobalSection(ExtensibilityGlobals) = postSolution
		SolutionGuid = {A92F4454-AC04-449C-AE18-173E3E6C0695}
	EndGlobalSection
EndGlobal
